
Microsoft Visual Studio Solution File, Format Version 12.00
# Visual Studio Version 16
VisualStudioVersion = 16.0.29806.167
MinimumVisualStudioVersion = 10.0.40219.1
Project("{FAE04EC0-301F-11D3-BF4B-00C04F79EFBC}") = "ReadFiles", "ReadFiles\ReadFiles.csproj", "{EA5499C0-3432-4C38-8E7F-A67E53799B12}"
EndProject
Project("{D954291E-2A0B-460D-934E-DC6B0785DB48}") = "SharedSettings", "SharedSettings\SharedSettings.shproj", "{59B8709F-E706-4F1E-90C1-6DAAE2298882}"
EndProject
Project("{FAE04EC0-301F-11D3-BF4B-00C04F79EFBC}") = "ReadFilesConfig", "ReadFilesConfig\ReadFilesConfig.csproj", "{A362131B-1974-4580-BD24-65E8C5676F65}"
EndProject
Global
	GlobalSection(SharedMSBuildProjectFiles) = preSolution
		SharedSettings\SharedSettings.projitems*{59b8709f-e706-4f1e-90c1-6daae2298882}*SharedItemsImports = 13
		SharedSettings\SharedSettings.projitems*{a362131b-1974-4580-bd24-65e8c5676f65}*SharedItemsImports = 4
		SharedSettings\SharedSettings.projitems*{ea5499c0-3432-4c38-8e7f-a67e53799b12}*SharedItemsImports = 4
	EndGlobalSection
	GlobalSection(SolutionConfigurationPlatforms) = preSolution
		Debug|Any CPU = Debug|Any CPU
		Release|Any CPU = Release|Any CPU
	EndGlobalSection
	GlobalSection(ProjectConfigurationPlatforms) = postSolution
		{EA5499C0-3432-4C38-8E7F-A67E53799B12}.Debug|Any CPU.ActiveCfg = Debug|Any CPU
		{EA5499C0-3432-4C38-8E7F-A67E53799B12}.Debug|Any CPU.Build.0 = Debug|Any CPU
		{EA5499C0-3432-4C38-8E7F-A67E53799B12}.Release|Any CPU.ActiveCfg = Release|Any CPU
		{EA5499C0-3432-4C38-8E7F-A67E53799B12}.Release|Any CPU.Build.0 = Release|Any CPU
		{A362131B-1974-4580-BD24-65E8C5676F65}.Debug|Any CPU.ActiveCfg = Debug|Any CPU
		{A362131B-1974-4580-BD24-65E8C5676F65}.Debug|Any CPU.Build.0 = Debug|Any CPU
		{A362131B-1974-4580-BD24-65E8C5676F65}.Release|Any CPU.ActiveCfg = Release|Any CPU
		{A362131B-1974-4580-BD24-65E8C5676F65}.Release|Any CPU.Build.0 = Release|Any CPU
	EndGlobalSection
	GlobalSection(SolutionProperties) = preSolution
		HideSolutionNode = FALSE
	EndGlobalSection
	GlobalSection(ExtensibilityGlobals) = postSolution
		SolutionGuid = {2DBC7B29-7455-46DE-941D-2C12DA84C1B4}
	EndGlobalSection
EndGlobal
